
Microsoft Visual Studio Solution File, Format Version 12.00
# Visual Studio Version 16
VisualStudioVersion = 16.0.30907.101
MinimumVisualStudioVersion = 10.0.40219.1
Project("{FAE04EC0-301F-11D3-BF4B-00C04F79EFBC}") = "Shemanov", "Shemanov.csproj", "{8127773F-9762-44FF-AFC5-39694E440262}"
EndProject
Global
	GlobalSection(SolutionConfigurationPlatforms) = preSolution
		Debug|Any CPU = Debug|Any CPU
		Release|Any CPU = Release|Any CPU
	EndGlobalSection
	GlobalSection(ProjectConfigurationPlatforms) = postSolution
		{8127773F-9762-44FF-AFC5-39694E440262}.Debug|Any CPU.ActiveCfg = Debug|Any CPU
		{8127773F-9762-44FF-AFC5-39694E440262}.Debug|Any CPU.Build.0 = Debug|Any CPU
		{8127773F-9762-44FF-AFC5-39694E440262}.Release|Any CPU.ActiveCfg = Release|Any CPU
		{8127773F-9762-44FF-AFC5-39694E440262}.Release|Any CPU.Build.0 = Release|Any CPU
	EndGlobalSection
	GlobalSection(SolutionProperties) = preSolution
		HideSolutionNode = FALSE
	EndGlobalSection
	GlobalSection(ExtensibilityGlobals) = postSolution
		SolutionGuid = {0DC51DE1-ADA8-4D4A-933D-CD1C55346E1B}
	EndGlobalSection
EndGlobal
